// !$*UTF8*$!
{
	archiveVersion = 1;
	classes = {
	};
	objectVersion = 50;
	objects = {

/* Begin PBXBuildFile section */
		0426A4DB288DD83400F981BB /* NSViewControllerPreview.swift in Sources */ = {isa = PBXBuildFile; fileRef = 0426A4D9288DD83400F981BB /* NSViewControllerPreview.swift */; };
		0426A4DC288DD83400F981BB /* NSViewPreview.swift in Sources */ = {isa = PBXBuildFile; fileRef = 0426A4DA288DD83400F981BB /* NSViewPreview.swift */; };
		04EB7E56288B0B560046729E /* AppMenuProvider.swift in Sources */ = {isa = PBXBuildFile; fileRef = 04EB7E55288B0B560046729E /* AppMenuProvider.swift */; };
		04EB7E59288B0BEB0046729E /* AppConstants.swift in Sources */ = {isa = PBXBuildFile; fileRef = 04EB7E58288B0BEB0046729E /* AppConstants.swift */; };
		04EB7E5C288B0CF70046729E /* AppMenuKeys.swift in Sources */ = {isa = PBXBuildFile; fileRef = 04EB7E5B288B0CF70046729E /* AppMenuKeys.swift */; };
		04EB7E5E288B190E0046729E /* MainViewControllerView.swift in Sources */ = {isa = PBXBuildFile; fileRef = 04EB7E5D288B190E0046729E /* MainViewControllerView.swift */; };
		04EB7E63288C8F820046729E /* MainWindowController.swift in Sources */ = {isa = PBXBuildFile; fileRef = 04EB7E62288C8F820046729E /* MainWindowController.swift */; };
		F36C2BFE2476FFC500462C2D /* AppDelegate.swift in Sources */ = {isa = PBXBuildFile; fileRef = F36C2BFD2476FFC500462C2D /* AppDelegate.swift */; };
		F36C2C002476FFC500462C2D /* MainViewController.swift in Sources */ = {isa = PBXBuildFile; fileRef = F36C2BFF2476FFC500462C2D /* MainViewController.swift */; };
		F36C2C022476FFC700462C2D /* Assets.xcassets in Resources */ = {isa = PBXBuildFile; fileRef = F36C2C012476FFC700462C2D /* Assets.xcassets */; };
		F36C2C052476FFC700462C2D /* Main.storyboard in Resources */ = {isa = PBXBuildFile; fileRef = F36C2C032476FFC700462C2D /* Main.storyboard */; };
/* End PBXBuildFile section */

/* Begin PBXFileReference section */
		0426A4D9288DD83400F981BB /* NSViewControllerPreview.swift */ = {isa = PBXFileReference; fileEncoding = 4; lastKnownFileType = sourcecode.swift; path = NSViewControllerPreview.swift; sourceTree = "<group>"; };
		0426A4DA288DD83400F981BB /* NSViewPreview.swift */ = {isa = PBXFileReference; fileEncoding = 4; lastKnownFileType = sourcecode.swift; path = NSViewPreview.swift; sourceTree = "<group>"; };
		04EB7E55288B0B560046729E /* AppMenuProvider.swift */ = {isa = PBXFileReference; lastKnownFileType = sourcecode.swift; path = AppMenuProvider.swift; sourceTree = "<group>"; };
		04EB7E58288B0BEB0046729E /* AppConstants.swift */ = {isa = PBXFileReference; lastKnownFileType = sourcecode.swift; path = AppConstants.swift; sourceTree = "<group>"; };
		04EB7E5B288B0CF70046729E /* AppMenuKeys.swift */ = {isa = PBXFileReference; lastKnownFileType = sourcecode.swift; path = AppMenuKeys.swift; sourceTree = "<group>"; };
		04EB7E5D288B190E0046729E /* MainViewControllerView.swift */ = {isa = PBXFileReference; lastKnownFileType = sourcecode.swift; path = MainViewControllerView.swift; sourceTree = "<group>"; };
		04EB7E62288C8F820046729E /* MainWindowController.swift */ = {isa = PBXFileReference; lastKnownFileType = sourcecode.swift; path = MainWindowController.swift; sourceTree = "<group>"; };
		4DD1CB177BA5E840FA985C52 /* SampleCode.xcconfig */ = {isa = PBXFileReference; lastKnownFileType = text.xcconfig; name = SampleCode.xcconfig; path = Configuration/SampleCode.xcconfig; sourceTree = "<group>"; };
		BA9F9C9000E9BE4366CA806C /* LICENSE.txt */ = {isa = PBXFileReference; includeInIndex = 1; lastKnownFileType = text; path = LICENSE.txt; sourceTree = "<group>"; };
		D8EFC62F4F841C125FF56860 /* README.md */ = {isa = PBXFileReference; lastKnownFileType = net.daringfireball.markdown; path = README.md; sourceTree = "<group>"; };
		F36C2BFA2476FFC500462C2D /* ReplayKitSample.app */ = {isa = PBXFileReference; explicitFileType = wrapper.application; includeInIndex = 0; path = ReplayKitSample.app; sourceTree = BUILT_PRODUCTS_DIR; };
		F36C2BFD2476FFC500462C2D /* AppDelegate.swift */ = {isa = PBXFileReference; lastKnownFileType = sourcecode.swift; path = AppDelegate.swift; sourceTree = "<group>"; };
		F36C2BFF2476FFC500462C2D /* MainViewController.swift */ = {isa = PBXFileReference; lastKnownFileType = sourcecode.swift; path = MainViewController.swift; sourceTree = "<group>"; };
		F36C2C012476FFC700462C2D /* Assets.xcassets */ = {isa = PBXFileReference; lastKnownFileType = folder.assetcatalog; path = Assets.xcassets; sourceTree = "<group>"; };
		F36C2C042476FFC700462C2D /* Base */ = {isa = PBXFileReference; lastKnownFileType = file.storyboard; name = Base; path = Base.lproj/Main.storyboard; sourceTree = "<group>"; };
		F36C2C062476FFC700462C2D /* Info.plist */ = {isa = PBXFileReference; lastKnownFileType = text.plist.xml; path = Info.plist; sourceTree = "<group>"; };
		F36C2C072476FFC700462C2D /* ReplayKitSample.entitlements */ = {isa = PBXFileReference; lastKnownFileType = text.plist.entitlements; path = ReplayKitSample.entitlements; sourceTree = "<group>"; };
/* End PBXFileReference section */

/* Begin PBXFrameworksBuildPhase section */
		F36C2BF72476FFC500462C2D /* Frameworks */ = {
			isa = PBXFrameworksBuildPhase;
			buildActionMask = 2147483647;
			files = (
			);
			runOnlyForDeploymentPostprocessing = 0;
		};
/* End PBXFrameworksBuildPhase section */

/* Begin PBXGroup section */
		044A5F44288DD71D007258E3 /* Services */ = {
			isa = PBXGroup;
			children = (
				044A5F45288DD723007258E3 /* UI */,
			);
			path = Services;
			sourceTree = "<group>";
		};
		044A5F45288DD723007258E3 /* UI */ = {
			isa = PBXGroup;
			children = (
				044A5F46288DD727007258E3 /* SwiftUIPreview */,
			);
			path = UI;
			sourceTree = "<group>";
		};
		044A5F46288DD727007258E3 /* SwiftUIPreview */ = {
			isa = PBXGroup;
			children = (
				0426A4D9288DD83400F981BB /* NSViewControllerPreview.swift */,
				0426A4DA288DD83400F981BB /* NSViewPreview.swift */,
			);
			path = SwiftUIPreview;
			sourceTree = "<group>";
		};
		04EB7E51288AFAF30046729E /* Resources */ = {
			isa = PBXGroup;
			children = (
				F36C2C032476FFC700462C2D /* Main.storyboard */,
				F36C2C012476FFC700462C2D /* Assets.xcassets */,
			);
			path = Resources;
			sourceTree = "<group>";
		};
		04EB7E52288AFB0A0046729E /* BundleFiles */ = {
			isa = PBXGroup;
			children = (
				F36C2C062476FFC700462C2D /* Info.plist */,
				F36C2C072476FFC700462C2D /* ReplayKitSample.entitlements */,
			);
			path = BundleFiles;
			sourceTree = "<group>";
		};
		04EB7E53288AFB8F0046729E /* Application */ = {
			isa = PBXGroup;
			children = (
				04EB7E5A288B0CD90046729E /* AppMenu */,
				04EB7E57288B0BDF0046729E /* Constants */,
				F36C2BFD2476FFC500462C2D /* AppDelegate.swift */,
			);
			path = Application;
			sourceTree = "<group>";
		};
		04EB7E54288AFB9D0046729E /* UserStory */ = {
			isa = PBXGroup;
			children = (
				04EB7E5F288C84E20046729E /* MainWindow */,
			);
			path = UserStory;
			sourceTree = "<group>";
		};
		04EB7E57288B0BDF0046729E /* Constants */ = {
			isa = PBXGroup;
			children = (
				04EB7E58288B0BEB0046729E /* AppConstants.swift */,
			);
			path = Constants;
			sourceTree = "<group>";
		};
		04EB7E5A288B0CD90046729E /* AppMenu */ = {
			isa = PBXGroup;
			children = (
				04EB7E55288B0B560046729E /* AppMenuProvider.swift */,
				04EB7E5B288B0CF70046729E /* AppMenuKeys.swift */,
			);
			path = AppMenu;
			sourceTree = "<group>";
		};
		04EB7E5F288C84E20046729E /* MainWindow */ = {
			isa = PBXGroup;
			children = (
				04EB7E61288C8F4B0046729E /* MainWindowController */,
				04EB7E60288C8F390046729E /* MainViewController */,
			);
			path = MainWindow;
			sourceTree = "<group>";
		};
		04EB7E60288C8F390046729E /* MainViewController */ = {
			isa = PBXGroup;
			children = (
				F36C2BFF2476FFC500462C2D /* MainViewController.swift */,
				04EB7E5D288B190E0046729E /* MainViewControllerView.swift */,
			);
			path = MainViewController;
			sourceTree = "<group>";
		};
		04EB7E61288C8F4B0046729E /* MainWindowController */ = {
			isa = PBXGroup;
			children = (
				04EB7E62288C8F820046729E /* MainWindowController.swift */,
			);
			path = MainWindowController;
			sourceTree = "<group>";
		};
		71F970708108BB3CB4A8F62C /* Configuration */ = {
			isa = PBXGroup;
			children = (
				4DD1CB177BA5E840FA985C52 /* SampleCode.xcconfig */,
			);
			name = Configuration;
			sourceTree = "<group>";
		};
		7FEBD26A8B601A080B0C441D /* LICENSE */ = {
			isa = PBXGroup;
			children = (
				BA9F9C9000E9BE4366CA806C /* LICENSE.txt */,
			);
			path = LICENSE;
			sourceTree = "<group>";
		};
		F36C2BF12476FFC500462C2D = {
			isa = PBXGroup;
			children = (
				D8EFC62F4F841C125FF56860 /* README.md */,
				F36C2BFC2476FFC500462C2D /* ReplayKitSample */,
				F36C2BFB2476FFC500462C2D /* Products */,
				71F970708108BB3CB4A8F62C /* Configuration */,
				7FEBD26A8B601A080B0C441D /* LICENSE */,
			);
			sourceTree = "<group>";
		};
		F36C2BFB2476FFC500462C2D /* Products */ = {
			isa = PBXGroup;
			children = (
				F36C2BFA2476FFC500462C2D /* ReplayKitSample.app */,
			);
			name = Products;
			sourceTree = "<group>";
		};
		F36C2BFC2476FFC500462C2D /* ReplayKitSample */ = {
			isa = PBXGroup;
			children = (
				044A5F44288DD71D007258E3 /* Services */,
				04EB7E54288AFB9D0046729E /* UserStory */,
				04EB7E53288AFB8F0046729E /* Application */,
				04EB7E52288AFB0A0046729E /* BundleFiles */,
				04EB7E51288AFAF30046729E /* Resources */,
			);
			path = ReplayKitSample;
			sourceTree = "<group>";
		};
/* End PBXGroup section */

/* Begin PBXNativeTarget section */
		F36C2BF92476FFC500462C2D /* ReplayKitSample */ = {
			isa = PBXNativeTarget;
			buildConfigurationList = F36C2C202476FFC700462C2D /* Build configuration list for PBXNativeTarget "ReplayKitSample" */;
			buildPhases = (
				F36C2BF62476FFC500462C2D /* Sources */,
				F36C2BF72476FFC500462C2D /* Frameworks */,
				F36C2BF82476FFC500462C2D /* Resources */,
			);
			buildRules = (
			);
			dependencies = (
			);
			name = ReplayKitSample;
			productName = ReplayKitSampleCode;
			productReference = F36C2BFA2476FFC500462C2D /* ReplayKitSample.app */;
			productType = "com.apple.product-type.application";
		};
/* End PBXNativeTarget section */

/* Begin PBXProject section */
		F36C2BF22476FFC500462C2D /* Project object */ = {
			isa = PBXProject;
			attributes = {
				LastSwiftUpdateCheck = 1200;
				LastUpgradeCheck = 1300;
				ORGANIZATIONNAME = Apple;
				TargetAttributes = {
					F36C2BF92476FFC500462C2D = {
						CreatedOnToolsVersion = 12.0;
					};
				};
			};
			buildConfigurationList = F36C2BF52476FFC500462C2D /* Build configuration list for PBXProject "ReplayKitSample" */;
			compatibilityVersion = "Xcode 9.3";
			developmentRegion = en;
			hasScannedForEncodings = 0;
			knownRegions = (
				en,
				Base,
			);
			mainGroup = F36C2BF12476FFC500462C2D;
			productRefGroup = F36C2BFB2476FFC500462C2D /* Products */;
			projectDirPath = "";
			projectRoot = "";
			targets = (
				F36C2BF92476FFC500462C2D /* ReplayKitSample */,
			);
		};
/* End PBXProject section */

/* Begin PBXResourcesBuildPhase section */
		F36C2BF82476FFC500462C2D /* Resources */ = {
			isa = PBXResourcesBuildPhase;
			buildActionMask = 2147483647;
			files = (
				F36C2C022476FFC700462C2D /* Assets.xcassets in Resources */,
				F36C2C052476FFC700462C2D /* Main.storyboard in Resources */,
			);
			runOnlyForDeploymentPostprocessing = 0;
		};
/* End PBXResourcesBuildPhase section */

/* Begin PBXSourcesBuildPhase section */
		F36C2BF62476FFC500462C2D /* Sources */ = {
			isa = PBXSourcesBuildPhase;
			buildActionMask = 2147483647;
			files = (
				04EB7E56288B0B560046729E /* AppMenuProvider.swift in Sources */,
				04EB7E63288C8F820046729E /* MainWindowController.swift in Sources */,
				F36C2C002476FFC500462C2D /* MainViewController.swift in Sources */,
				04EB7E5E288B190E0046729E /* MainViewControllerView.swift in Sources */,
				F36C2BFE2476FFC500462C2D /* AppDelegate.swift in Sources */,
				0426A4DC288DD83400F981BB /* NSViewPreview.swift in Sources */,
				04EB7E5C288B0CF70046729E /* AppMenuKeys.swift in Sources */,
				04EB7E59288B0BEB0046729E /* AppConstants.swift in Sources */,
				0426A4DB288DD83400F981BB /* NSViewControllerPreview.swift in Sources */,
			);
			runOnlyForDeploymentPostprocessing = 0;
		};
/* End PBXSourcesBuildPhase section */

/* Begin PBXVariantGroup section */
		F36C2C032476FFC700462C2D /* Main.storyboard */ = {
			isa = PBXVariantGroup;
			children = (
				F36C2C042476FFC700462C2D /* Base */,
			);
			name = Main.storyboard;
			sourceTree = "<group>";
		};
/* End PBXVariantGroup section */

/* Begin XCBuildConfiguration section */
		F36C2C1E2476FFC700462C2D /* Debug */ = {
			isa = XCBuildConfiguration;
			baseConfigurationReference = 4DD1CB177BA5E840FA985C52 /* SampleCode.xcconfig */;
			buildSettings = {
				ALWAYS_SEARCH_USER_PATHS = NO;
				CLANG_ANALYZER_NONNULL = YES;
				CLANG_ANALYZER_NUMBER_OBJECT_CONVERSION = YES_AGGRESSIVE;
				CLANG_CXX_LANGUAGE_STANDARD = "gnu++14";
				CLANG_CXX_LIBRARY = "libc++";
				CLANG_ENABLE_MODULES = YES;
				CLANG_ENABLE_OBJC_ARC = YES;
				CLANG_ENABLE_OBJC_WEAK = YES;
				CLANG_WARN_BLOCK_CAPTURE_AUTORELEASING = YES;
				CLANG_WARN_BOOL_CONVERSION = YES;
				CLANG_WARN_COMMA = YES;
				CLANG_WARN_CONSTANT_CONVERSION = YES;
				CLANG_WARN_DEPRECATED_OBJC_IMPLEMENTATIONS = YES;
				CLANG_WARN_DIRECT_OBJC_ISA_USAGE = YES_ERROR;
				CLANG_WARN_DOCUMENTATION_COMMENTS = YES;
				CLANG_WARN_EMPTY_BODY = YES;
				CLANG_WARN_ENUM_CONVERSION = YES;
				CLANG_WARN_INFINITE_RECURSION = YES;
				CLANG_WARN_INT_CONVERSION = YES;
				CLANG_WARN_NON_LITERAL_NULL_CONVERSION = YES;
				CLANG_WARN_OBJC_IMPLICIT_RETAIN_SELF = YES;
				CLANG_WARN_OBJC_LITERAL_CONVERSION = YES;
				CLANG_WARN_OBJC_ROOT_CLASS = YES_ERROR;
				CLANG_WARN_QUOTED_INCLUDE_IN_FRAMEWORK_HEADER = YES;
				CLANG_WARN_RANGE_LOOP_ANALYSIS = YES;
				CLANG_WARN_STRICT_PROTOTYPES = YES;
				CLANG_WARN_SUSPICIOUS_MOVE = YES;
				CLANG_WARN_UNGUARDED_AVAILABILITY = YES_AGGRESSIVE;
				CLANG_WARN_UNREACHABLE_CODE = YES;
				CLANG_WARN__DUPLICATE_METHOD_MATCH = YES;
				COPY_PHASE_STRIP = NO;
				DEBUG_INFORMATION_FORMAT = dwarf;
				ENABLE_STRICT_OBJC_MSGSEND = YES;
				ENABLE_TESTABILITY = YES;
				GCC_C_LANGUAGE_STANDARD = gnu11;
				GCC_DYNAMIC_NO_PIC = NO;
				GCC_NO_COMMON_BLOCKS = YES;
				GCC_OPTIMIZATION_LEVEL = 0;
				GCC_PREPROCESSOR_DEFINITIONS = (
					"DEBUG=1",
					"$(inherited)",
				);
				GCC_WARN_64_TO_32_BIT_CONVERSION = YES;
				GCC_WARN_ABOUT_RETURN_TYPE = YES_ERROR;
				GCC_WARN_UNDECLARED_SELECTOR = YES;
				GCC_WARN_UNINITIALIZED_AUTOS = YES_AGGRESSIVE;
				GCC_WARN_UNUSED_FUNCTION = YES;
				GCC_WARN_UNUSED_VARIABLE = YES;
				MACOSX_DEPLOYMENT_TARGET = 12.0;
				MTL_ENABLE_DEBUG_INFO = INCLUDE_SOURCE;
				MTL_FAST_MATH = YES;
				ONLY_ACTIVE_ARCH = YES;
				SDKROOT = macosx;
				SWIFT_ACTIVE_COMPILATION_CONDITIONS = DEBUG;
				SWIFT_OPTIMIZATION_LEVEL = "-Onone";
			};
			name = Debug;
		};
		F36C2C1F2476FFC700462C2D /* Release */ = {
			isa = XCBuildConfiguration;
			baseConfigurationReference = 4DD1CB177BA5E840FA985C52 /* SampleCode.xcconfig */;
			buildSettings = {
				ALWAYS_SEARCH_USER_PATHS = NO;
				CLANG_ANALYZER_NONNULL = YES;
				CLANG_ANALYZER_NUMBER_OBJECT_CONVERSION = YES_AGGRESSIVE;
				CLANG_CXX_LANGUAGE_STANDARD = "gnu++14";
				CLANG_CXX_LIBRARY = "libc++";
				CLANG_ENABLE_MODULES = YES;
				CLANG_ENABLE_OBJC_ARC = YES;
				CLANG_ENABLE_OBJC_WEAK = YES;
				CLANG_WARN_BLOCK_CAPTURE_AUTORELEASING = YES;
				CLANG_WARN_BOOL_CONVERSION = YES;
				CLANG_WARN_COMMA = YES;
				CLANG_WARN_CONSTANT_CONVERSION = YES;
				CLANG_WARN_DEPRECATED_OBJC_IMPLEMENTATIONS = YES;
				CLANG_WARN_DIRECT_OBJC_ISA_USAGE = YES_ERROR;
				CLANG_WARN_DOCUMENTATION_COMMENTS = YES;
				CLANG_WARN_EMPTY_BODY = YES;
				CLANG_WARN_ENUM_CONVERSION = YES;
				CLANG_WARN_INFINITE_RECURSION = YES;
				CLANG_WARN_INT_CONVERSION = YES;
				CLANG_WARN_NON_LITERAL_NULL_CONVERSION = YES;
				CLANG_WARN_OBJC_IMPLICIT_RETAIN_SELF = YES;
				CLANG_WARN_OBJC_LITERAL_CONVERSION = YES;
				CLANG_WARN_OBJC_ROOT_CLASS = YES_ERROR;
				CLANG_WARN_QUOTED_INCLUDE_IN_FRAMEWORK_HEADER = YES;
				CLANG_WARN_RANGE_LOOP_ANALYSIS = YES;
				CLANG_WARN_STRICT_PROTOTYPES = YES;
				CLANG_WARN_SUSPICIOUS_MOVE = YES;
				CLANG_WARN_UNGUARDED_AVAILABILITY = YES_AGGRESSIVE;
				CLANG_WARN_UNREACHABLE_CODE = YES;
				CLANG_WARN__DUPLICATE_METHOD_MATCH = YES;
				COPY_PHASE_STRIP = NO;
				DEBUG_INFORMATION_FORMAT = "dwarf-with-dsym";
				ENABLE_NS_ASSERTIONS = NO;
				ENABLE_STRICT_OBJC_MSGSEND = YES;
				GCC_C_LANGUAGE_STANDARD = gnu11;
				GCC_NO_COMMON_BLOCKS = YES;
				GCC_WARN_64_TO_32_BIT_CONVERSION = YES;
				GCC_WARN_ABOUT_RETURN_TYPE = YES_ERROR;
				GCC_WARN_UNDECLARED_SELECTOR = YES;
				GCC_WARN_UNINITIALIZED_AUTOS = YES_AGGRESSIVE;
				GCC_WARN_UNUSED_FUNCTION = YES;
				GCC_WARN_UNUSED_VARIABLE = YES;
				MACOSX_DEPLOYMENT_TARGET = 12.0;
				MTL_ENABLE_DEBUG_INFO = NO;
				MTL_FAST_MATH = YES;
				SDKROOT = macosx;
				SWIFT_COMPILATION_MODE = wholemodule;
				SWIFT_OPTIMIZATION_LEVEL = "-O";
			};
			name = Release;
		};
		F36C2C212476FFC700462C2D /* Debug */ = {
			isa = XCBuildConfiguration;
			baseConfigurationReference = 4DD1CB177BA5E840FA985C52 /* SampleCode.xcconfig */;
			buildSettings = {
				ASSETCATALOG_COMPILER_APPICON_NAME = AppIcon;
				CODE_SIGN_ENTITLEMENTS = ReplayKitSample/BundleFiles/ReplayKitSample.entitlements;
				CODE_SIGN_IDENTITY = "Mac Developer";
				CODE_SIGN_STYLE = Automatic;
				COMBINE_HIDPI_IMAGES = YES;
				DEVELOPMENT_TEAM = MDWBDEPC5G;
				INFOPLIST_FILE = ReplayKitSample/BundleFiles/Info.plist;
				LD_RUNPATH_SEARCH_PATHS = (
					"$(inherited)",
					"@executable_path/../Frameworks",
				);
				MACOSX_DEPLOYMENT_TARGET = 12.0;
				PRODUCT_BUNDLE_IDENTIFIER = "com.example.apple-samplecode.ReplayKitSample${SAMPLE_CODE_DISAMBIGUATOR}";
				PRODUCT_NAME = "$(TARGET_NAME)";
				PROVISIONING_PROFILE_SPECIFIER = "";
				SDKROOT = macosx;
				SWIFT_VERSION = 5.0;
			};
			name = Debug;
		};
		F36C2C222476FFC700462C2D /* Release */ = {
			isa = XCBuildConfiguration;
			baseConfigurationReference = 4DD1CB177BA5E840FA985C52 /* SampleCode.xcconfig */;
			buildSettings = {
				ASSETCATALOG_COMPILER_APPICON_NAME = AppIcon;
				CODE_SIGN_ENTITLEMENTS = ReplayKitSample/BundleFiles/ReplayKitSample.entitlements;
				CODE_SIGN_IDENTITY = "Mac Developer";
				CODE_SIGN_STYLE = Automatic;
				COMBINE_HIDPI_IMAGES = YES;
				DEVELOPMENT_TEAM = MDWBDEPC5G;
				INFOPLIST_FILE = ReplayKitSample/BundleFiles/Info.plist;
				LD_RUNPATH_SEARCH_PATHS = (
					"$(inherited)",
					"@executable_path/../Frameworks",
				);
				MACOSX_DEPLOYMENT_TARGET = 12.0;
				PRODUCT_BUNDLE_IDENTIFIER = "com.example.apple-samplecode.ReplayKitSample${SAMPLE_CODE_DISAMBIGUATOR}";
				PRODUCT_NAME = "$(TARGET_NAME)";
				PROVISIONING_PROFILE_SPECIFIER = "";
				SDKROOT = macosx;
				SWIFT_VERSION = 5.0;
			};
			name = Release;
		};
/* End XCBuildConfiguration section */

/* Begin XCConfigurationList section */
		F36C2BF52476FFC500462C2D /* Build configuration list for PBXProject "ReplayKitSample" */ = {
			isa = XCConfigurationList;
			buildConfigurations = (
				F36C2C1E2476FFC700462C2D /* Debug */,
				F36C2C1F2476FFC700462C2D /* Release */,
			);
			defaultConfigurationIsVisible = 0;
			defaultConfigurationName = Release;
		};
		F36C2C202476FFC700462C2D /* Build configuration list for PBXNativeTarget "ReplayKitSample" */ = {
			isa = XCConfigurationList;
			buildConfigurations = (
				F36C2C212476FFC700462C2D /* Debug */,
				F36C2C222476FFC700462C2D /* Release */,
			);
			defaultConfigurationIsVisible = 0;
			defaultConfigurationName = Release;
		};
/* End XCConfigurationList section */
	};
	rootObject = F36C2BF22476FFC500462C2D /* Project object */;
}
